
Microsoft Visual Studio Solution File, Format Version 12.00
# Visual Studio Version 17
VisualStudioVersion = 17.4.33205.214
MinimumVisualStudioVersion = 10.0.40219.1
Project("{FAE04EC0-301F-11D3-BF4B-00C04F79EFBC}") = "DS1 Foggy Hill", "DS1 Foggy Hill.csproj", "{DF4A1397-9C41-4EB7-9217-A250BA996F11}"
EndProject
Project("{9A19103F-16F7-4668-BE54-9A1E7A4F7556}") = "SoulsFormats", "SoulsFormats\SoulsFormats.csproj", "{43BAADFB-574D-42D0-86F1-924B4760085D}"
EndProject
Global
	GlobalSection(SolutionConfigurationPlatforms) = preSolution
		Debug|Any CPU = Debug|Any CPU
		Release|Any CPU = Release|Any CPU
	EndGlobalSection
	GlobalSection(ProjectConfigurationPlatforms) = postSolution
		{DF4A1397-9C41-4EB7-9217-A250BA996F11}.Debug|Any CPU.ActiveCfg = Debug|Any CPU
		{DF4A1397-9C41-4EB7-9217-A250BA996F11}.Debug|Any CPU.Build.0 = Debug|Any CPU
		{DF4A1397-9C41-4EB7-9217-A250BA996F11}.Release|Any CPU.ActiveCfg = Release|Any CPU
		{DF4A1397-9C41-4EB7-9217-A250BA996F11}.Release|Any CPU.Build.0 = Release|Any CPU
		{43BAADFB-574D-42D0-86F1-924B4760085D}.Debug|Any CPU.ActiveCfg = Debug|Any CPU
		{43BAADFB-574D-42D0-86F1-924B4760085D}.Debug|Any CPU.Build.0 = Debug|Any CPU
		{43BAADFB-574D-42D0-86F1-924B4760085D}.Release|Any CPU.ActiveCfg = Release|Any CPU
		{43BAADFB-574D-42D0-86F1-924B4760085D}.Release|Any CPU.Build.0 = Release|Any CPU
	EndGlobalSection
	GlobalSection(SolutionProperties) = preSolution
		HideSolutionNode = FALSE
	EndGlobalSection
	GlobalSection(ExtensibilityGlobals) = postSolution
		SolutionGuid = {DABEAD55-49C8-4540-A9CE-8C416257313C}
	EndGlobalSection
EndGlobal
